
Microsoft Visual Studio Solution File, Format Version 12.00
# Visual Studio Version 17
VisualStudioVersion = 17.2.32616.157
MinimumVisualStudioVersion = 10.0.40219.1
Project("{9A19103F-16F7-4668-BE54-9A1E7A4F7556}") = "SourceGenerator", "SourceGenerator\SourceGenerator.csproj", "{7BCCBE0A-0DBD-4672-B573-F1B4EB3991CB}"
EndProject
Project("{9A19103F-16F7-4668-BE54-9A1E7A4F7556}") = "WebApplication3", "WebApplication3\WebApplication3.csproj", "{5AFCA538-60BC-4B95-896F-4B3E4AE2CA71}"
EndProject
Global
	GlobalSection(SolutionConfigurationPlatforms) = preSolution
		Debug|Any CPU = Debug|Any CPU
		Release|Any CPU = Release|Any CPU
	EndGlobalSection
	GlobalSection(ProjectConfigurationPlatforms) = postSolution
		{7BCCBE0A-0DBD-4672-B573-F1B4EB3991CB}.Debug|Any CPU.ActiveCfg = Debug|Any CPU
		{7BCCBE0A-0DBD-4672-B573-F1B4EB3991CB}.Debug|Any CPU.Build.0 = Debug|Any CPU
		{7BCCBE0A-0DBD-4672-B573-F1B4EB3991CB}.Release|Any CPU.ActiveCfg = Release|Any CPU
		{7BCCBE0A-0DBD-4672-B573-F1B4EB3991CB}.Release|Any CPU.Build.0 = Release|Any CPU
		{5AFCA538-60BC-4B95-896F-4B3E4AE2CA71}.Debug|Any CPU.ActiveCfg = Debug|Any CPU
		{5AFCA538-60BC-4B95-896F-4B3E4AE2CA71}.Debug|Any CPU.Build.0 = Debug|Any CPU
		{5AFCA538-60BC-4B95-896F-4B3E4AE2CA71}.Release|Any CPU.ActiveCfg = Release|Any CPU
		{5AFCA538-60BC-4B95-896F-4B3E4AE2CA71}.Release|Any CPU.Build.0 = Release|Any CPU
	EndGlobalSection
	GlobalSection(SolutionProperties) = preSolution
		HideSolutionNode = FALSE
	EndGlobalSection
	GlobalSection(ExtensibilityGlobals) = postSolution
		SolutionGuid = {AC4BEC2D-411F-4BBC-AA8F-F6417D81A4E4}
	EndGlobalSection
EndGlobal
